// !$*UTF8*$!
{
	archiveVersion = 1;
	classes = {
	};
	objectVersion = 55;
	objects = {

/* Begin PBXBuildFile section */
		27F6DEA827E8DD0100CCDD2D /* AppDelegate.swift in Sources */ = {isa = PBXBuildFile; fileRef = 27F6DEA727E8DD0100CCDD2D /* AppDelegate.swift */; };
		27F6DEAA27E8DD0100CCDD2D /* SceneDelegate.swift in Sources */ = {isa = PBXBuildFile; fileRef = 27F6DEA927E8DD0100CCDD2D /* SceneDelegate.swift */; };
		27F6DEAC27E8DD0100CCDD2D /* ViewController.swift in Sources */ = {isa = PBXBuildFile; fileRef = 27F6DEAB27E8DD0100CCDD2D /* ViewController.swift */; };
		27F6DEAF27E8DD0100CCDD2D /* Main.storyboard in Resources */ = {isa = PBXBuildFile; fileRef = 27F6DEAD27E8DD0100CCDD2D /* Main.storyboard */; };
		27F6DEB127E8DD0300CCDD2D /* Assets.xcassets in Resources */ = {isa = PBXBuildFile; fileRef = 27F6DEB027E8DD0300CCDD2D /* Assets.xcassets */; };
		27F6DEB427E8DD0300CCDD2D /* LaunchScreen.storyboard in Resources */ = {isa = PBXBuildFile; fileRef = 27F6DEB227E8DD0300CCDD2D /* LaunchScreen.storyboard */; };
		27F6DEBF27E8DD0300CCDD2D /* CognizantCurrencyDemoTests.swift in Sources */ = {isa = PBXBuildFile; fileRef = 27F6DEBE27E8DD0300CCDD2D /* CognizantCurrencyDemoTests.swift */; };
		27F6DEC927E8DD0300CCDD2D /* CognizantCurrencyDemoUITests.swift in Sources */ = {isa = PBXBuildFile; fileRef = 27F6DEC827E8DD0300CCDD2D /* CognizantCurrencyDemoUITests.swift */; };
		27F6DECB27E8DD0300CCDD2D /* CognizantCurrencyDemoUITestsLaunchTests.swift in Sources */ = {isa = PBXBuildFile; fileRef = 27F6DECA27E8DD0300CCDD2D /* CognizantCurrencyDemoUITestsLaunchTests.swift */; };
		B57F71B427E9330800732190 /* CurrencyScoopServiceTests.swift in Sources */ = {isa = PBXBuildFile; fileRef = B57F71B327E9330800732190 /* CurrencyScoopServiceTests.swift */; };
		B57F71B727E93BFA00732190 /* NetworkClient.swift in Sources */ = {isa = PBXBuildFile; fileRef = B57F71B627E93BFA00732190 /* NetworkClient.swift */; };
		B57F71B927E93C1C00732190 /* EndpointProvider.swift in Sources */ = {isa = PBXBuildFile; fileRef = B57F71B827E93C1C00732190 /* EndpointProvider.swift */; };
		B57F71BB27E93C4F00732190 /* CurrencyScoopService.swift in Sources */ = {isa = PBXBuildFile; fileRef = B57F71BA27E93C4F00732190 /* CurrencyScoopService.swift */; };
		B57F71BE27E93C8300732190 /* Currency.swift in Sources */ = {isa = PBXBuildFile; fileRef = B57F71BD27E93C8300732190 /* Currency.swift */; };
		B57F71C027EB5F3900732190 /* TabBarController.swift in Sources */ = {isa = PBXBuildFile; fileRef = B57F71BF27EB5F3900732190 /* TabBarController.swift */; };
		B57F71C327EB62E800732190 /* FavoritesViewController.swift in Sources */ = {isa = PBXBuildFile; fileRef = B57F71C227EB62E800732190 /* FavoritesViewController.swift */; };
		B57F71C527EB68AE00732190 /* FavoritesPresenter.swift in Sources */ = {isa = PBXBuildFile; fileRef = B57F71C427EB68AE00732190 /* FavoritesPresenter.swift */; };
		B57F71C727EB68CD00732190 /* FavoritesRouter.swift in Sources */ = {isa = PBXBuildFile; fileRef = B57F71C627EB68CD00732190 /* FavoritesRouter.swift */; };
		B57F71CA27EB691A00732190 /* OptionsViewController.swift in Sources */ = {isa = PBXBuildFile; fileRef = B57F71C927EB691A00732190 /* OptionsViewController.swift */; };
		B57F71CC27EB6E2200732190 /* OptionsPresenter.swift in Sources */ = {isa = PBXBuildFile; fileRef = B57F71CB27EB6E2200732190 /* OptionsPresenter.swift */; };
		B57F71CE27EB6E4500732190 /* OptionsRouter.swift in Sources */ = {isa = PBXBuildFile; fileRef = B57F71CD27EB6E4500732190 /* OptionsRouter.swift */; };
		B57F71D127EB74C400732190 /* CurrencyPickerViewController.swift in Sources */ = {isa = PBXBuildFile; fileRef = B57F71D027EB74C400732190 /* CurrencyPickerViewController.swift */; };
		B57F71D327EB754D00732190 /* CurrencyPickerInteractor.swift in Sources */ = {isa = PBXBuildFile; fileRef = B57F71D227EB754D00732190 /* CurrencyPickerInteractor.swift */; };
		B57F71D527EB757400732190 /* CurrencyPickerPresenter.swift in Sources */ = {isa = PBXBuildFile; fileRef = B57F71D427EB757400732190 /* CurrencyPickerPresenter.swift */; };
		B57F71D727EBC5AB00732190 /* OptionsInteractorTests.swift in Sources */ = {isa = PBXBuildFile; fileRef = B57F71D627EBC5AB00732190 /* OptionsInteractorTests.swift */; };
		B57F71D927ECBDEF00732190 /* Options.swift in Sources */ = {isa = PBXBuildFile; fileRef = B57F71D827ECBDEF00732190 /* Options.swift */; };
		B57F71DB27ECBE0C00732190 /* OptionsRepository.swift in Sources */ = {isa = PBXBuildFile; fileRef = B57F71DA27ECBE0C00732190 /* OptionsRepository.swift */; };
		B57F71DD27ECBE4400732190 /* OptionsInteractor.swift in Sources */ = {isa = PBXBuildFile; fileRef = B57F71DC27ECBE4400732190 /* OptionsInteractor.swift */; };
		B57F71DF27ECD5BA00732190 /* OptionsRepositoryTests.swift in Sources */ = {isa = PBXBuildFile; fileRef = B57F71DE27ECD5BA00732190 /* OptionsRepositoryTests.swift */; };
/* End PBXBuildFile section */

/* Begin PBXContainerItemProxy section */
		27F6DEBB27E8DD0300CCDD2D /* PBXContainerItemProxy */ = {
			isa = PBXContainerItemProxy;
			containerPortal = 27F6DE9C27E8DD0100CCDD2D /* Project object */;
			proxyType = 1;
			remoteGlobalIDString = 27F6DEA327E8DD0100CCDD2D;
			remoteInfo = CognizantCurrencyDemo;
		};
		27F6DEC527E8DD0300CCDD2D /* PBXContainerItemProxy */ = {
			isa = PBXContainerItemProxy;
			containerPortal = 27F6DE9C27E8DD0100CCDD2D /* Project object */;
			proxyType = 1;
			remoteGlobalIDString = 27F6DEA327E8DD0100CCDD2D;
			remoteInfo = CognizantCurrencyDemo;
		};
/* End PBXContainerItemProxy section */

/* Begin PBXFileReference section */
		27F6DEA427E8DD0100CCDD2D /* CognizantCurrencyDemo.app */ = {isa = PBXFileReference; explicitFileType = wrapper.application; includeInIndex = 0; path = CognizantCurrencyDemo.app; sourceTree = BUILT_PRODUCTS_DIR; };
		27F6DEA727E8DD0100CCDD2D /* AppDelegate.swift */ = {isa = PBXFileReference; lastKnownFileType = sourcecode.swift; path = AppDelegate.swift; sourceTree = "<group>"; };
		27F6DEA927E8DD0100CCDD2D /* SceneDelegate.swift */ = {isa = PBXFileReference; lastKnownFileType = sourcecode.swift; path = SceneDelegate.swift; sourceTree = "<group>"; };
		27F6DEAB27E8DD0100CCDD2D /* ViewController.swift */ = {isa = PBXFileReference; lastKnownFileType = sourcecode.swift; path = ViewController.swift; sourceTree = "<group>"; };
		27F6DEAE27E8DD0100CCDD2D /* Base */ = {isa = PBXFileReference; lastKnownFileType = file.storyboard; name = Base; path = Base.lproj/Main.storyboard; sourceTree = "<group>"; };
		27F6DEB027E8DD0300CCDD2D /* Assets.xcassets */ = {isa = PBXFileReference; lastKnownFileType = folder.assetcatalog; path = Assets.xcassets; sourceTree = "<group>"; };
		27F6DEB327E8DD0300CCDD2D /* Base */ = {isa = PBXFileReference; lastKnownFileType = file.storyboard; name = Base; path = Base.lproj/LaunchScreen.storyboard; sourceTree = "<group>"; };
		27F6DEB527E8DD0300CCDD2D /* Info.plist */ = {isa = PBXFileReference; lastKnownFileType = text.plist.xml; path = Info.plist; sourceTree = "<group>"; };
		27F6DEBA27E8DD0300CCDD2D /* CognizantCurrencyDemoTests.xctest */ = {isa = PBXFileReference; explicitFileType = wrapper.cfbundle; includeInIndex = 0; path = CognizantCurrencyDemoTests.xctest; sourceTree = BUILT_PRODUCTS_DIR; };
		27F6DEBE27E8DD0300CCDD2D /* CognizantCurrencyDemoTests.swift */ = {isa = PBXFileReference; lastKnownFileType = sourcecode.swift; path = CognizantCurrencyDemoTests.swift; sourceTree = "<group>"; };
		27F6DEC427E8DD0300CCDD2D /* CognizantCurrencyDemoUITests.xctest */ = {isa = PBXFileReference; explicitFileType = wrapper.cfbundle; includeInIndex = 0; path = CognizantCurrencyDemoUITests.xctest; sourceTree = BUILT_PRODUCTS_DIR; };
		27F6DEC827E8DD0300CCDD2D /* CognizantCurrencyDemoUITests.swift */ = {isa = PBXFileReference; lastKnownFileType = sourcecode.swift; path = CognizantCurrencyDemoUITests.swift; sourceTree = "<group>"; };
		27F6DECA27E8DD0300CCDD2D /* CognizantCurrencyDemoUITestsLaunchTests.swift */ = {isa = PBXFileReference; lastKnownFileType = sourcecode.swift; path = CognizantCurrencyDemoUITestsLaunchTests.swift; sourceTree = "<group>"; };
		B57F71B327E9330800732190 /* CurrencyScoopServiceTests.swift */ = {isa = PBXFileReference; lastKnownFileType = sourcecode.swift; path = CurrencyScoopServiceTests.swift; sourceTree = "<group>"; };
		B57F71B627E93BFA00732190 /* NetworkClient.swift */ = {isa = PBXFileReference; lastKnownFileType = sourcecode.swift; path = NetworkClient.swift; sourceTree = "<group>"; };
		B57F71B827E93C1C00732190 /* EndpointProvider.swift */ = {isa = PBXFileReference; lastKnownFileType = sourcecode.swift; path = EndpointProvider.swift; sourceTree = "<group>"; };
		B57F71BA27E93C4F00732190 /* CurrencyScoopService.swift */ = {isa = PBXFileReference; lastKnownFileType = sourcecode.swift; path = CurrencyScoopService.swift; sourceTree = "<group>"; };
		B57F71BD27E93C8300732190 /* Currency.swift */ = {isa = PBXFileReference; lastKnownFileType = sourcecode.swift; path = Currency.swift; sourceTree = "<group>"; };
		B57F71BF27EB5F3900732190 /* TabBarController.swift */ = {isa = PBXFileReference; lastKnownFileType = sourcecode.swift; path = TabBarController.swift; sourceTree = "<group>"; };
		B57F71C227EB62E800732190 /* FavoritesViewController.swift */ = {isa = PBXFileReference; lastKnownFileType = sourcecode.swift; path = FavoritesViewController.swift; sourceTree = "<group>"; };
		B57F71C427EB68AE00732190 /* FavoritesPresenter.swift */ = {isa = PBXFileReference; lastKnownFileType = sourcecode.swift; path = FavoritesPresenter.swift; sourceTree = "<group>"; };
		B57F71C627EB68CD00732190 /* FavoritesRouter.swift */ = {isa = PBXFileReference; lastKnownFileType = sourcecode.swift; path = FavoritesRouter.swift; sourceTree = "<group>"; };
		B57F71C927EB691A00732190 /* OptionsViewController.swift */ = {isa = PBXFileReference; lastKnownFileType = sourcecode.swift; path = OptionsViewController.swift; sourceTree = "<group>"; };
		B57F71CB27EB6E2200732190 /* OptionsPresenter.swift */ = {isa = PBXFileReference; lastKnownFileType = sourcecode.swift; path = OptionsPresenter.swift; sourceTree = "<group>"; };
		B57F71CD27EB6E4500732190 /* OptionsRouter.swift */ = {isa = PBXFileReference; lastKnownFileType = sourcecode.swift; path = OptionsRouter.swift; sourceTree = "<group>"; };
		B57F71D027EB74C400732190 /* CurrencyPickerViewController.swift */ = {isa = PBXFileReference; lastKnownFileType = sourcecode.swift; path = CurrencyPickerViewController.swift; sourceTree = "<group>"; };
		B57F71D227EB754D00732190 /* CurrencyPickerInteractor.swift */ = {isa = PBXFileReference; lastKnownFileType = sourcecode.swift; path = CurrencyPickerInteractor.swift; sourceTree = "<group>"; };
		B57F71D427EB757400732190 /* CurrencyPickerPresenter.swift */ = {isa = PBXFileReference; lastKnownFileType = sourcecode.swift; path = CurrencyPickerPresenter.swift; sourceTree = "<group>"; };
		B57F71D627EBC5AB00732190 /* OptionsInteractorTests.swift */ = {isa = PBXFileReference; lastKnownFileType = sourcecode.swift; path = OptionsInteractorTests.swift; sourceTree = "<group>"; };
		B57F71D827ECBDEF00732190 /* Options.swift */ = {isa = PBXFileReference; lastKnownFileType = sourcecode.swift; path = Options.swift; sourceTree = "<group>"; };
		B57F71DA27ECBE0C00732190 /* OptionsRepository.swift */ = {isa = PBXFileReference; lastKnownFileType = sourcecode.swift; path = OptionsRepository.swift; sourceTree = "<group>"; };
		B57F71DC27ECBE4400732190 /* OptionsInteractor.swift */ = {isa = PBXFileReference; lastKnownFileType = sourcecode.swift; path = OptionsInteractor.swift; sourceTree = "<group>"; };
		B57F71DE27ECD5BA00732190 /* OptionsRepositoryTests.swift */ = {isa = PBXFileReference; lastKnownFileType = sourcecode.swift; path = OptionsRepositoryTests.swift; sourceTree = "<group>"; };
/* End PBXFileReference section */

/* Begin PBXFrameworksBuildPhase section */
		27F6DEA127E8DD0100CCDD2D /* Frameworks */ = {
			isa = PBXFrameworksBuildPhase;
			buildActionMask = 2147483647;
			files = (
			);
			runOnlyForDeploymentPostprocessing = 0;
		};
		27F6DEB727E8DD0300CCDD2D /* Frameworks */ = {
			isa = PBXFrameworksBuildPhase;
			buildActionMask = 2147483647;
			files = (
			);
			runOnlyForDeploymentPostprocessing = 0;
		};
		27F6DEC127E8DD0300CCDD2D /* Frameworks */ = {
			isa = PBXFrameworksBuildPhase;
			buildActionMask = 2147483647;
			files = (
			);
			runOnlyForDeploymentPostprocessing = 0;
		};
/* End PBXFrameworksBuildPhase section */

/* Begin PBXGroup section */
		27F6DE9B27E8DD0100CCDD2D = {
			isa = PBXGroup;
			children = (
				27F6DEA627E8DD0100CCDD2D /* CognizantCurrencyDemo */,
				27F6DEBD27E8DD0300CCDD2D /* CognizantCurrencyDemoTests */,
				27F6DEC727E8DD0300CCDD2D /* CognizantCurrencyDemoUITests */,
				27F6DEA527E8DD0100CCDD2D /* Products */,
			);
			sourceTree = "<group>";
		};
		27F6DEA527E8DD0100CCDD2D /* Products */ = {
			isa = PBXGroup;
			children = (
				27F6DEA427E8DD0100CCDD2D /* CognizantCurrencyDemo.app */,
				27F6DEBA27E8DD0300CCDD2D /* CognizantCurrencyDemoTests.xctest */,
				27F6DEC427E8DD0300CCDD2D /* CognizantCurrencyDemoUITests.xctest */,
			);
			name = Products;
			sourceTree = "<group>";
		};
		27F6DEA627E8DD0100CCDD2D /* CognizantCurrencyDemo */ = {
			isa = PBXGroup;
			children = (
				B57F71BC27E93C7100732190 /* Entities */,
				B57F71B527E93BE800732190 /* Network */,
				27F6DEA727E8DD0100CCDD2D /* AppDelegate.swift */,
				27F6DEA927E8DD0100CCDD2D /* SceneDelegate.swift */,
				27F6DEAB27E8DD0100CCDD2D /* ViewController.swift */,
				B57F71BF27EB5F3900732190 /* TabBarController.swift */,
				B57F71BA27E93C4F00732190 /* CurrencyScoopService.swift */,
				B57F71CF27EB741900732190 /* CurrencyPicker */,
				B57F71C127EB62CE00732190 /* Favorites */,
				B57F71C827EB68FE00732190 /* Options */,
				27F6DEAD27E8DD0100CCDD2D /* Main.storyboard */,
				27F6DEB027E8DD0300CCDD2D /* Assets.xcassets */,
				27F6DEB227E8DD0300CCDD2D /* LaunchScreen.storyboard */,
				27F6DEB527E8DD0300CCDD2D /* Info.plist */,
			);
			path = CognizantCurrencyDemo;
			sourceTree = "<group>";
		};
		27F6DEBD27E8DD0300CCDD2D /* CognizantCurrencyDemoTests */ = {
			isa = PBXGroup;
			children = (
				B57F71DE27ECD5BA00732190 /* OptionsRepositoryTests.swift */,
				B57F71D627EBC5AB00732190 /* OptionsInteractorTests.swift */,
				B57F71B327E9330800732190 /* CurrencyScoopServiceTests.swift */,
				27F6DEBE27E8DD0300CCDD2D /* CognizantCurrencyDemoTests.swift */,
			);
			path = CognizantCurrencyDemoTests;
			sourceTree = "<group>";
		};
		27F6DEC727E8DD0300CCDD2D /* CognizantCurrencyDemoUITests */ = {
			isa = PBXGroup;
			children = (
				27F6DEC827E8DD0300CCDD2D /* CognizantCurrencyDemoUITests.swift */,
				27F6DECA27E8DD0300CCDD2D /* CognizantCurrencyDemoUITestsLaunchTests.swift */,
			);
			path = CognizantCurrencyDemoUITests;
			sourceTree = "<group>";
		};
		B57F71B527E93BE800732190 /* Network */ = {
			isa = PBXGroup;
			children = (
				B57F71B627E93BFA00732190 /* NetworkClient.swift */,
				B57F71B827E93C1C00732190 /* EndpointProvider.swift */,
			);
			path = Network;
			sourceTree = "<group>";
		};
		B57F71BC27E93C7100732190 /* Entities */ = {
			isa = PBXGroup;
			children = (
				B57F71BD27E93C8300732190 /* Currency.swift */,
				B57F71D827ECBDEF00732190 /* Options.swift */,
			);
			path = Entities;
			sourceTree = "<group>";
		};
		B57F71C127EB62CE00732190 /* Favorites */ = {
			isa = PBXGroup;
			children = (
				B57F71C227EB62E800732190 /* FavoritesViewController.swift */,
				B57F71C427EB68AE00732190 /* FavoritesPresenter.swift */,
				B57F71C627EB68CD00732190 /* FavoritesRouter.swift */,
			);
			path = Favorites;
			sourceTree = "<group>";
		};
		B57F71C827EB68FE00732190 /* Options */ = {
			isa = PBXGroup;
			children = (
				B57F71C927EB691A00732190 /* OptionsViewController.swift */,
				B57F71DC27ECBE4400732190 /* OptionsInteractor.swift */,
				B57F71CB27EB6E2200732190 /* OptionsPresenter.swift */,
				B57F71CD27EB6E4500732190 /* OptionsRouter.swift */,
				B57F71DA27ECBE0C00732190 /* OptionsRepository.swift */,
			);
			path = Options;
			sourceTree = "<group>";
		};
		B57F71CF27EB741900732190 /* CurrencyPicker */ = {
			isa = PBXGroup;
			children = (
				B57F71D027EB74C400732190 /* CurrencyPickerViewController.swift */,
				B57F71D227EB754D00732190 /* CurrencyPickerInteractor.swift */,
				B57F71D427EB757400732190 /* CurrencyPickerPresenter.swift */,
			);
			path = CurrencyPicker;
			sourceTree = "<group>";
		};
/* End PBXGroup section */

/* Begin PBXNativeTarget section */
		27F6DEA327E8DD0100CCDD2D /* CognizantCurrencyDemo */ = {
			isa = PBXNativeTarget;
			buildConfigurationList = 27F6DECE27E8DD0300CCDD2D /* Build configuration list for PBXNativeTarget "CognizantCurrencyDemo" */;
			buildPhases = (
				27F6DEA027E8DD0100CCDD2D /* Sources */,
				27F6DEA127E8DD0100CCDD2D /* Frameworks */,
				27F6DEA227E8DD0100CCDD2D /* Resources */,
			);
			buildRules = (
			);
			dependencies = (
			);
			name = CognizantCurrencyDemo;
			productName = CognizantCurrencyDemo;
			productReference = 27F6DEA427E8DD0100CCDD2D /* CognizantCurrencyDemo.app */;
			productType = "com.apple.product-type.application";
		};
		27F6DEB927E8DD0300CCDD2D /* CognizantCurrencyDemoTests */ = {
			isa = PBXNativeTarget;
			buildConfigurationList = 27F6DED127E8DD0300CCDD2D /* Build configuration list for PBXNativeTarget "CognizantCurrencyDemoTests" */;
			buildPhases = (
				27F6DEB627E8DD0300CCDD2D /* Sources */,
				27F6DEB727E8DD0300CCDD2D /* Frameworks */,
				27F6DEB827E8DD0300CCDD2D /* Resources */,
			);
			buildRules = (
			);
			dependencies = (
				27F6DEBC27E8DD0300CCDD2D /* PBXTargetDependency */,
			);
			name = CognizantCurrencyDemoTests;
			productName = CognizantCurrencyDemoTests;
			productReference = 27F6DEBA27E8DD0300CCDD2D /* CognizantCurrencyDemoTests.xctest */;
			productType = "com.apple.product-type.bundle.unit-test";
		};
		27F6DEC327E8DD0300CCDD2D /* CognizantCurrencyDemoUITests */ = {
			isa = PBXNativeTarget;
			buildConfigurationList = 27F6DED427E8DD0300CCDD2D /* Build configuration list for PBXNativeTarget "CognizantCurrencyDemoUITests" */;
			buildPhases = (
				27F6DEC027E8DD0300CCDD2D /* Sources */,
				27F6DEC127E8DD0300CCDD2D /* Frameworks */,
				27F6DEC227E8DD0300CCDD2D /* Resources */,
			);
			buildRules = (
			);
			dependencies = (
				27F6DEC627E8DD0300CCDD2D /* PBXTargetDependency */,
			);
			name = CognizantCurrencyDemoUITests;
			productName = CognizantCurrencyDemoUITests;
			productReference = 27F6DEC427E8DD0300CCDD2D /* CognizantCurrencyDemoUITests.xctest */;
			productType = "com.apple.product-type.bundle.ui-testing";
		};
/* End PBXNativeTarget section */

/* Begin PBXProject section */
		27F6DE9C27E8DD0100CCDD2D /* Project object */ = {
			isa = PBXProject;
			attributes = {
				BuildIndependentTargetsInParallel = 1;
				LastSwiftUpdateCheck = 1330;
				LastUpgradeCheck = 1330;
				TargetAttributes = {
					27F6DEA327E8DD0100CCDD2D = {
						CreatedOnToolsVersion = 13.3;
					};
					27F6DEB927E8DD0300CCDD2D = {
						CreatedOnToolsVersion = 13.3;
						TestTargetID = 27F6DEA327E8DD0100CCDD2D;
					};
					27F6DEC327E8DD0300CCDD2D = {
						CreatedOnToolsVersion = 13.3;
						TestTargetID = 27F6DEA327E8DD0100CCDD2D;
					};
				};
			};
			buildConfigurationList = 27F6DE9F27E8DD0100CCDD2D /* Build configuration list for PBXProject "CognizantCurrencyDemo" */;
			compatibilityVersion = "Xcode 13.0";
			developmentRegion = en;
			hasScannedForEncodings = 0;
			knownRegions = (
				en,
				Base,
			);
			mainGroup = 27F6DE9B27E8DD0100CCDD2D;
			productRefGroup = 27F6DEA527E8DD0100CCDD2D /* Products */;
			projectDirPath = "";
			projectRoot = "";
			targets = (
				27F6DEA327E8DD0100CCDD2D /* CognizantCurrencyDemo */,
				27F6DEB927E8DD0300CCDD2D /* CognizantCurrencyDemoTests */,
				27F6DEC327E8DD0300CCDD2D /* CognizantCurrencyDemoUITests */,
			);
		};
/* End PBXProject section */

/* Begin PBXResourcesBuildPhase section */
		27F6DEA227E8DD0100CCDD2D /* Resources */ = {
			isa = PBXResourcesBuildPhase;
			buildActionMask = 2147483647;
			files = (
				27F6DEB427E8DD0300CCDD2D /* LaunchScreen.storyboard in Resources */,
				27F6DEB127E8DD0300CCDD2D /* Assets.xcassets in Resources */,
				27F6DEAF27E8DD0100CCDD2D /* Main.storyboard in Resources */,
			);
			runOnlyForDeploymentPostprocessing = 0;
		};
		27F6DEB827E8DD0300CCDD2D /* Resources */ = {
			isa = PBXResourcesBuildPhase;
			buildActionMask = 2147483647;
			files = (
			);
			runOnlyForDeploymentPostprocessing = 0;
		};
		27F6DEC227E8DD0300CCDD2D /* Resources */ = {
			isa = PBXResourcesBuildPhase;
			buildActionMask = 2147483647;
			files = (
			);
			runOnlyForDeploymentPostprocessing = 0;
		};
/* End PBXResourcesBuildPhase section */

/* Begin PBXSourcesBuildPhase section */
		27F6DEA027E8DD0100CCDD2D /* Sources */ = {
			isa = PBXSourcesBuildPhase;
			buildActionMask = 2147483647;
			files = (
				B57F71C527EB68AE00732190 /* FavoritesPresenter.swift in Sources */,
				B57F71DD27ECBE4400732190 /* OptionsInteractor.swift in Sources */,
				27F6DEAC27E8DD0100CCDD2D /* ViewController.swift in Sources */,
				B57F71C327EB62E800732190 /* FavoritesViewController.swift in Sources */,
				B57F71C027EB5F3900732190 /* TabBarController.swift in Sources */,
				B57F71D927ECBDEF00732190 /* Options.swift in Sources */,
				B57F71BB27E93C4F00732190 /* CurrencyScoopService.swift in Sources */,
				B57F71B927E93C1C00732190 /* EndpointProvider.swift in Sources */,
				27F6DEA827E8DD0100CCDD2D /* AppDelegate.swift in Sources */,
				27F6DEAA27E8DD0100CCDD2D /* SceneDelegate.swift in Sources */,
				B57F71D127EB74C400732190 /* CurrencyPickerViewController.swift in Sources */,
				B57F71BE27E93C8300732190 /* Currency.swift in Sources */,
				B57F71D527EB757400732190 /* CurrencyPickerPresenter.swift in Sources */,
				B57F71DB27ECBE0C00732190 /* OptionsRepository.swift in Sources */,
				B57F71CE27EB6E4500732190 /* OptionsRouter.swift in Sources */,
				B57F71CA27EB691A00732190 /* OptionsViewController.swift in Sources */,
				B57F71C727EB68CD00732190 /* FavoritesRouter.swift in Sources */,
				B57F71D327EB754D00732190 /* CurrencyPickerInteractor.swift in Sources */,
				B57F71CC27EB6E2200732190 /* OptionsPresenter.swift in Sources */,
				B57F71B727E93BFA00732190 /* NetworkClient.swift in Sources */,
			);
			runOnlyForDeploymentPostprocessing = 0;
		};
		27F6DEB627E8DD0300CCDD2D /* Sources */ = {
			isa = PBXSourcesBuildPhase;
			buildActionMask = 2147483647;
			files = (
				27F6DEBF27E8DD0300CCDD2D /* CognizantCurrencyDemoTests.swift in Sources */,
				B57F71B427E9330800732190 /* CurrencyScoopServiceTests.swift in Sources */,
				B57F71DF27ECD5BA00732190 /* OptionsRepositoryTests.swift in Sources */,
				B57F71D727EBC5AB00732190 /* OptionsInteractorTests.swift in Sources */,
			);
			runOnlyForDeploymentPostprocessing = 0;
		};
		27F6DEC027E8DD0300CCDD2D /* Sources */ = {
			isa = PBXSourcesBuildPhase;
			buildActionMask = 2147483647;
			files = (
				27F6DECB27E8DD0300CCDD2D /* CognizantCurrencyDemoUITestsLaunchTests.swift in Sources */,
				27F6DEC927E8DD0300CCDD2D /* CognizantCurrencyDemoUITests.swift in Sources */,
			);
			runOnlyForDeploymentPostprocessing = 0;
		};
/* End PBXSourcesBuildPhase section */

/* Begin PBXTargetDependency section */
		27F6DEBC27E8DD0300CCDD2D /* PBXTargetDependency */ = {
			isa = PBXTargetDependency;
			target = 27F6DEA327E8DD0100CCDD2D /* CognizantCurrencyDemo */;
			targetProxy = 27F6DEBB27E8DD0300CCDD2D /* PBXContainerItemProxy */;
		};
		27F6DEC627E8DD0300CCDD2D /* PBXTargetDependency */ = {
			isa = PBXTargetDependency;
			target = 27F6DEA327E8DD0100CCDD2D /* CognizantCurrencyDemo */;
			targetProxy = 27F6DEC527E8DD0300CCDD2D /* PBXContainerItemProxy */;
		};
/* End PBXTargetDependency section */

/* Begin PBXVariantGroup section */
		27F6DEAD27E8DD0100CCDD2D /* Main.storyboard */ = {
			isa = PBXVariantGroup;
			children = (
				27F6DEAE27E8DD0100CCDD2D /* Base */,
			);
			name = Main.storyboard;
			sourceTree = "<group>";
		};
		27F6DEB227E8DD0300CCDD2D /* LaunchScreen.storyboard */ = {
			isa = PBXVariantGroup;
			children = (
				27F6DEB327E8DD0300CCDD2D /* Base */,
			);
			name = LaunchScreen.storyboard;
			sourceTree = "<group>";
		};
/* End PBXVariantGroup section */

/* Begin XCBuildConfiguration section */
		27F6DECC27E8DD0300CCDD2D /* Debug */ = {
			isa = XCBuildConfiguration;
			buildSettings = {
				ALWAYS_SEARCH_USER_PATHS = NO;
				CLANG_ANALYZER_NONNULL = YES;
				CLANG_ANALYZER_NUMBER_OBJECT_CONVERSION = YES_AGGRESSIVE;
				CLANG_CXX_LANGUAGE_STANDARD = "gnu++17";
				CLANG_ENABLE_MODULES = YES;
				CLANG_ENABLE_OBJC_ARC = YES;
				CLANG_ENABLE_OBJC_WEAK = YES;
				CLANG_WARN_BLOCK_CAPTURE_AUTORELEASING = YES;
				CLANG_WARN_BOOL_CONVERSION = YES;
				CLANG_WARN_COMMA = YES;
				CLANG_WARN_CONSTANT_CONVERSION = YES;
				CLANG_WARN_DEPRECATED_OBJC_IMPLEMENTATIONS = YES;
				CLANG_WARN_DIRECT_OBJC_ISA_USAGE = YES_ERROR;
				CLANG_WARN_DOCUMENTATION_COMMENTS = YES;
				CLANG_WARN_EMPTY_BODY = YES;
				CLANG_WARN_ENUM_CONVERSION = YES;
				CLANG_WARN_INFINITE_RECURSION = YES;
				CLANG_WARN_INT_CONVERSION = YES;
				CLANG_WARN_NON_LITERAL_NULL_CONVERSION = YES;
				CLANG_WARN_OBJC_IMPLICIT_RETAIN_SELF = YES;
				CLANG_WARN_OBJC_LITERAL_CONVERSION = YES;
				CLANG_WARN_OBJC_ROOT_CLASS = YES_ERROR;
				CLANG_WARN_QUOTED_INCLUDE_IN_FRAMEWORK_HEADER = YES;
				CLANG_WARN_RANGE_LOOP_ANALYSIS = YES;
				CLANG_WARN_STRICT_PROTOTYPES = YES;
				CLANG_WARN_SUSPICIOUS_MOVE = YES;
				CLANG_WARN_UNGUARDED_AVAILABILITY = YES_AGGRESSIVE;
				CLANG_WARN_UNREACHABLE_CODE = YES;
				CLANG_WARN__DUPLICATE_METHOD_MATCH = YES;
				COPY_PHASE_STRIP = NO;
				DEBUG_INFORMATION_FORMAT = dwarf;
				ENABLE_STRICT_OBJC_MSGSEND = YES;
				ENABLE_TESTABILITY = YES;
				GCC_C_LANGUAGE_STANDARD = gnu11;
				GCC_DYNAMIC_NO_PIC = NO;
				GCC_NO_COMMON_BLOCKS = YES;
				GCC_OPTIMIZATION_LEVEL = 0;
				GCC_PREPROCESSOR_DEFINITIONS = (
					"DEBUG=1",
					"$(inherited)",
				);
				GCC_WARN_64_TO_32_BIT_CONVERSION = YES;
				GCC_WARN_ABOUT_RETURN_TYPE = YES_ERROR;
				GCC_WARN_UNDECLARED_SELECTOR = YES;
				GCC_WARN_UNINITIALIZED_AUTOS = YES_AGGRESSIVE;
				GCC_WARN_UNUSED_FUNCTION = YES;
				GCC_WARN_UNUSED_VARIABLE = YES;
				IPHONEOS_DEPLOYMENT_TARGET = 14.0;
				MTL_ENABLE_DEBUG_INFO = INCLUDE_SOURCE;
				MTL_FAST_MATH = YES;
				ONLY_ACTIVE_ARCH = YES;
				SDKROOT = iphoneos;
				SWIFT_ACTIVE_COMPILATION_CONDITIONS = DEBUG;
				SWIFT_OPTIMIZATION_LEVEL = "-Onone";
			};
			name = Debug;
		};
		27F6DECD27E8DD0300CCDD2D /* Release */ = {
			isa = XCBuildConfiguration;
			buildSettings = {
				ALWAYS_SEARCH_USER_PATHS = NO;
				CLANG_ANALYZER_NONNULL = YES;
				CLANG_ANALYZER_NUMBER_OBJECT_CONVERSION = YES_AGGRESSIVE;
				CLANG_CXX_LANGUAGE_STANDARD = "gnu++17";
				CLANG_ENABLE_MODULES = YES;
				CLANG_ENABLE_OBJC_ARC = YES;
				CLANG_ENABLE_OBJC_WEAK = YES;
				CLANG_WARN_BLOCK_CAPTURE_AUTORELEASING = YES;
				CLANG_WARN_BOOL_CONVERSION = YES;
				CLANG_WARN_COMMA = YES;
				CLANG_WARN_CONSTANT_CONVERSION = YES;
				CLANG_WARN_DEPRECATED_OBJC_IMPLEMENTATIONS = YES;
				CLANG_WARN_DIRECT_OBJC_ISA_USAGE = YES_ERROR;
				CLANG_WARN_DOCUMENTATION_COMMENTS = YES;
				CLANG_WARN_EMPTY_BODY = YES;
				CLANG_WARN_ENUM_CONVERSION = YES;
				CLANG_WARN_INFINITE_RECURSION = YES;
				CLANG_WARN_INT_CONVERSION = YES;
				CLANG_WARN_NON_LITERAL_NULL_CONVERSION = YES;
				CLANG_WARN_OBJC_IMPLICIT_RETAIN_SELF = YES;
				CLANG_WARN_OBJC_LITERAL_CONVERSION = YES;
				CLANG_WARN_OBJC_ROOT_CLASS = YES_ERROR;
				CLANG_WARN_QUOTED_INCLUDE_IN_FRAMEWORK_HEADER = YES;
				CLANG_WARN_RANGE_LOOP_ANALYSIS = YES;
				CLANG_WARN_STRICT_PROTOTYPES = YES;
				CLANG_WARN_SUSPICIOUS_MOVE = YES;
				CLANG_WARN_UNGUARDED_AVAILABILITY = YES_AGGRESSIVE;
				CLANG_WARN_UNREACHABLE_CODE = YES;
				CLANG_WARN__DUPLICATE_METHOD_MATCH = YES;
				COPY_PHASE_STRIP = NO;
				DEBUG_INFORMATION_FORMAT = "dwarf-with-dsym";
				ENABLE_NS_ASSERTIONS = NO;
				ENABLE_STRICT_OBJC_MSGSEND = YES;
				GCC_C_LANGUAGE_STANDARD = gnu11;
				GCC_NO_COMMON_BLOCKS = YES;
				GCC_WARN_64_TO_32_BIT_CONVERSION = YES;
				GCC_WARN_ABOUT_RETURN_TYPE = YES_ERROR;
				GCC_WARN_UNDECLARED_SELECTOR = YES;
				GCC_WARN_UNINITIALIZED_AUTOS = YES_AGGRESSIVE;
				GCC_WARN_UNUSED_FUNCTION = YES;
				GCC_WARN_UNUSED_VARIABLE = YES;
				IPHONEOS_DEPLOYMENT_TARGET = 14.0;
				MTL_ENABLE_DEBUG_INFO = NO;
				MTL_FAST_MATH = YES;
				SDKROOT = iphoneos;
				SWIFT_COMPILATION_MODE = wholemodule;
				SWIFT_OPTIMIZATION_LEVEL = "-O";
				VALIDATE_PRODUCT = YES;
			};
			name = Release;
		};
		27F6DECF27E8DD0300CCDD2D /* Debug */ = {
			isa = XCBuildConfiguration;
			buildSettings = {
				ASSETCATALOG_COMPILER_APPICON_NAME = AppIcon;
				ASSETCATALOG_COMPILER_GLOBAL_ACCENT_COLOR_NAME = AccentColor;
				CODE_SIGN_STYLE = Automatic;
				CURRENT_PROJECT_VERSION = 1;
				GENERATE_INFOPLIST_FILE = YES;
				INFOPLIST_FILE = CognizantCurrencyDemo/Info.plist;
				INFOPLIST_KEY_UIApplicationSupportsIndirectInputEvents = YES;
				INFOPLIST_KEY_UILaunchStoryboardName = LaunchScreen;
				INFOPLIST_KEY_UIMainStoryboardFile = Main;
				INFOPLIST_KEY_UISupportedInterfaceOrientations_iPad = "UIInterfaceOrientationPortrait UIInterfaceOrientationPortraitUpsideDown UIInterfaceOrientationLandscapeLeft UIInterfaceOrientationLandscapeRight";
				INFOPLIST_KEY_UISupportedInterfaceOrientations_iPhone = "UIInterfaceOrientationPortrait UIInterfaceOrientationLandscapeLeft UIInterfaceOrientationLandscapeRight";
				IPHONEOS_DEPLOYMENT_TARGET = 14.0;
				LD_RUNPATH_SEARCH_PATHS = (
					"$(inherited)",
					"@executable_path/Frameworks",
				);
				MARKETING_VERSION = 1.0;
				PRODUCT_BUNDLE_IDENTIFIER = com.CognizantCurrencyDemo;
				PRODUCT_NAME = "$(TARGET_NAME)";
				SWIFT_EMIT_LOC_STRINGS = YES;
				SWIFT_VERSION = 5.0;
				TARGETED_DEVICE_FAMILY = "1,2";
			};
			name = Debug;
		};
		27F6DED027E8DD0300CCDD2D /* Release */ = {
			isa = XCBuildConfiguration;
			buildSettings = {
				ASSETCATALOG_COMPILER_APPICON_NAME = AppIcon;
				ASSETCATALOG_COMPILER_GLOBAL_ACCENT_COLOR_NAME = AccentColor;
				CODE_SIGN_STYLE = Automatic;
				CURRENT_PROJECT_VERSION = 1;
				GENERATE_INFOPLIST_FILE = YES;
				INFOPLIST_FILE = CognizantCurrencyDemo/Info.plist;
				INFOPLIST_KEY_UIApplicationSupportsIndirectInputEvents = YES;
				INFOPLIST_KEY_UILaunchStoryboardName = LaunchScreen;
				INFOPLIST_KEY_UIMainStoryboardFile = Main;
				INFOPLIST_KEY_UISupportedInterfaceOrientations_iPad = "UIInterfaceOrientationPortrait UIInterfaceOrientationPortraitUpsideDown UIInterfaceOrientationLandscapeLeft UIInterfaceOrientationLandscapeRight";
				INFOPLIST_KEY_UISupportedInterfaceOrientations_iPhone = "UIInterfaceOrientationPortrait UIInterfaceOrientationLandscapeLeft UIInterfaceOrientationLandscapeRight";
				IPHONEOS_DEPLOYMENT_TARGET = 14.0;
				LD_RUNPATH_SEARCH_PATHS = (
					"$(inherited)",
					"@executable_path/Frameworks",
				);
				MARKETING_VERSION = 1.0;
				PRODUCT_BUNDLE_IDENTIFIER = com.CognizantCurrencyDemo;
				PRODUCT_NAME = "$(TARGET_NAME)";
				SWIFT_EMIT_LOC_STRINGS = YES;
				SWIFT_VERSION = 5.0;
				TARGETED_DEVICE_FAMILY = "1,2";
			};
			name = Release;
		};
		27F6DED227E8DD0300CCDD2D /* Debug */ = {
			isa = XCBuildConfiguration;
			buildSettings = {
				ALWAYS_EMBED_SWIFT_STANDARD_LIBRARIES = YES;
				BUNDLE_LOADER = "$(TEST_HOST)";
				CODE_SIGN_STYLE = Automatic;
				CURRENT_PROJECT_VERSION = 1;
				GENERATE_INFOPLIST_FILE = YES;
				IPHONEOS_DEPLOYMENT_TARGET = 14.0;
				MARKETING_VERSION = 1.0;
				PRODUCT_BUNDLE_IDENTIFIER = com.CognizantCurrencyDemoTests;
				PRODUCT_NAME = "$(TARGET_NAME)";
				SWIFT_EMIT_LOC_STRINGS = NO;
				SWIFT_VERSION = 5.0;
				TARGETED_DEVICE_FAMILY = "1,2";
				TEST_HOST = "$(BUILT_PRODUCTS_DIR)/CognizantCurrencyDemo.app/CognizantCurrencyDemo";
			};
			name = Debug;
		};
		27F6DED327E8DD0300CCDD2D /* Release */ = {
			isa = XCBuildConfiguration;
			buildSettings = {
				ALWAYS_EMBED_SWIFT_STANDARD_LIBRARIES = YES;
				BUNDLE_LOADER = "$(TEST_HOST)";
				CODE_SIGN_STYLE = Automatic;
				CURRENT_PROJECT_VERSION = 1;
				GENERATE_INFOPLIST_FILE = YES;
				IPHONEOS_DEPLOYMENT_TARGET = 14.0;
				MARKETING_VERSION = 1.0;
				PRODUCT_BUNDLE_IDENTIFIER = com.CognizantCurrencyDemoTests;
				PRODUCT_NAME = "$(TARGET_NAME)";
				SWIFT_EMIT_LOC_STRINGS = NO;
				SWIFT_VERSION = 5.0;
				TARGETED_DEVICE_FAMILY = "1,2";
				TEST_HOST = "$(BUILT_PRODUCTS_DIR)/CognizantCurrencyDemo.app/CognizantCurrencyDemo";
			};
			name = Release;
		};
		27F6DED527E8DD0300CCDD2D /* Debug */ = {
			isa = XCBuildConfiguration;
			buildSettings = {
				ALWAYS_EMBED_SWIFT_STANDARD_LIBRARIES = YES;
				CODE_SIGN_STYLE = Automatic;
				CURRENT_PROJECT_VERSION = 1;
				GENERATE_INFOPLIST_FILE = YES;
				MARKETING_VERSION = 1.0;
				PRODUCT_BUNDLE_IDENTIFIER = com.CognizantCurrencyDemoUITests;
				PRODUCT_NAME = "$(TARGET_NAME)";
				SWIFT_EMIT_LOC_STRINGS = NO;
				SWIFT_VERSION = 5.0;
				TARGETED_DEVICE_FAMILY = "1,2";
				TEST_TARGET_NAME = CognizantCurrencyDemo;
			};
			name = Debug;
		};
		27F6DED627E8DD0300CCDD2D /* Release */ = {
			isa = XCBuildConfiguration;
			buildSettings = {
				ALWAYS_EMBED_SWIFT_STANDARD_LIBRARIES = YES;
				CODE_SIGN_STYLE = Automatic;
				CURRENT_PROJECT_VERSION = 1;
				GENERATE_INFOPLIST_FILE = YES;
				MARKETING_VERSION = 1.0;
				PRODUCT_BUNDLE_IDENTIFIER = com.CognizantCurrencyDemoUITests;
				PRODUCT_NAME = "$(TARGET_NAME)";
				SWIFT_EMIT_LOC_STRINGS = NO;
				SWIFT_VERSION = 5.0;
				TARGETED_DEVICE_FAMILY = "1,2";
				TEST_TARGET_NAME = CognizantCurrencyDemo;
			};
			name = Release;
		};
/* End XCBuildConfiguration section */

/* Begin XCConfigurationList section */
		27F6DE9F27E8DD0100CCDD2D /* Build configuration list for PBXProject "CognizantCurrencyDemo" */ = {
			isa = XCConfigurationList;
			buildConfigurations = (
				27F6DECC27E8DD0300CCDD2D /* Debug */,
				27F6DECD27E8DD0300CCDD2D /* Release */,
			);
			defaultConfigurationIsVisible = 0;
			defaultConfigurationName = Release;
		};
		27F6DECE27E8DD0300CCDD2D /* Build configuration list for PBXNativeTarget "CognizantCurrencyDemo" */ = {
			isa = XCConfigurationList;
			buildConfigurations = (
				27F6DECF27E8DD0300CCDD2D /* Debug */,
				27F6DED027E8DD0300CCDD2D /* Release */,
			);
			defaultConfigurationIsVisible = 0;
			defaultConfigurationName = Release;
		};
		27F6DED127E8DD0300CCDD2D /* Build configuration list for PBXNativeTarget "CognizantCurrencyDemoTests" */ = {
			isa = XCConfigurationList;
			buildConfigurations = (
				27F6DED227E8DD0300CCDD2D /* Debug */,
				27F6DED327E8DD0300CCDD2D /* Release */,
			);
			defaultConfigurationIsVisible = 0;
			defaultConfigurationName = Release;
		};
		27F6DED427E8DD0300CCDD2D /* Build configuration list for PBXNativeTarget "CognizantCurrencyDemoUITests" */ = {
			isa = XCConfigurationList;
			buildConfigurations = (
				27F6DED527E8DD0300CCDD2D /* Debug */,
				27F6DED627E8DD0300CCDD2D /* Release */,
			);
			defaultConfigurationIsVisible = 0;
			defaultConfigurationName = Release;
		};
/* End XCConfigurationList section */
	};
	rootObject = 27F6DE9C27E8DD0100CCDD2D /* Project object */;
}
